
Microsoft Visual Studio Solution File, Format Version 12.00
# Visual Studio 15
Project("{FAE04EC0-301F-11D3-BF4B-00C04F79EFBC}") = "DogNameConsoleUI", "DogNameConsoleUI\DogNameConsoleUI.csproj", "{4A089792-9BEF-4027-B4F6-FC4B0462325A}"
EndProject
Global
	GlobalSection(SolutionConfigurationPlatforms) = preSolution
		Debug|anycpu = Debug|anycpu
		Release|anycpu = Release|anycpu
	EndGlobalSection
	GlobalSection(ProjectConfigurationPlatforms) = postSolution
		{4A089792-9BEF-4027-B4F6-FC4B0462325A}.Debug|anycpu.ActiveCfg = Debug|anycpu
		{4A089792-9BEF-4027-B4F6-FC4B0462325A}.Debug|anycpu.Build.0 = Debug|anycpu
		{4A089792-9BEF-4027-B4F6-FC4B0462325A}.Release|anycpu.ActiveCfg = Release|anycpu
		{4A089792-9BEF-4027-B4F6-FC4B0462325A}.Release|anycpu.Build.0 = Release|anycpu
	EndGlobalSection
EndGlobal
